// !$*UTF8*$!
{
	archiveVersion = 1;
	classes = {
	};
	objectVersion = 56;
	objects = {

/* Begin PBXBuildFile section */
		2B5AD36F2A7544A500847832 /* Delegate.swift in Sources */ = {isa = PBXBuildFile; fileRef = 2B5AD36E2A7544A500847832 /* Delegate.swift */; };
		2B5AD3722A754B8800847832 /* GeneMethod.swift in Sources */ = {isa = PBXBuildFile; fileRef = 2B5AD3712A754B8800847832 /* GeneMethod.swift */; };
		2B5AD3752A7550B600847832 /* Iterator.swift in Sources */ = {isa = PBXBuildFile; fileRef = 2B5AD3742A7550B600847832 /* Iterator.swift */; };
		2B5AD3782A75577800847832 /* State.swift in Sources */ = {isa = PBXBuildFile; fileRef = 2B5AD3772A75577800847832 /* State.swift */; };
		2BDBFB3A2A6D136C0020CE37 /* main.swift in Sources */ = {isa = PBXBuildFile; fileRef = 2BDBFB392A6D136C0020CE37 /* main.swift */; };
		2BDBFB422A6D13AA0020CE37 /* decorator.swift in Sources */ = {isa = PBXBuildFile; fileRef = 2BDBFB412A6D13AA0020CE37 /* decorator.swift */; };
		2BDBFB472A6D1CC20020CE37 /* Strategy.swift in Sources */ = {isa = PBXBuildFile; fileRef = 2BDBFB462A6D1CC20020CE37 /* Strategy.swift */; };
		2BDBFB4A2A6D1F830020CE37 /* obersever.swift in Sources */ = {isa = PBXBuildFile; fileRef = 2BDBFB492A6D1F830020CE37 /* obersever.swift */; };
		2BDBFB4C2A6D2F530020CE37 /* factory.swift in Sources */ = {isa = PBXBuildFile; fileRef = 2BDBFB4B2A6D2F530020CE37 /* factory.swift */; };
		2BDBFB502A6D49010020CE37 /* Singleton.swift in Sources */ = {isa = PBXBuildFile; fileRef = 2BDBFB4F2A6D49010020CE37 /* Singleton.swift */; };
		2BDBFB532A6D55D30020CE37 /* Command.swift in Sources */ = {isa = PBXBuildFile; fileRef = 2BDBFB522A6D55D30020CE37 /* Command.swift */; };
		2BF629D22A6ED66F00662FA4 /* Adapter.swift in Sources */ = {isa = PBXBuildFile; fileRef = 2BF629D12A6ED66F00662FA4 /* Adapter.swift */; };
		AE9AB12BBBDAF3A9D651B679 /* Pods_DesignPattern.framework in Frameworks */ = {isa = PBXBuildFile; fileRef = B72640F8C73A901720133319 /* Pods_DesignPattern.framework */; };
/* End PBXBuildFile section */

/* Begin PBXCopyFilesBuildPhase section */
		2BDBFB342A6D136C0020CE37 /* CopyFiles */ = {
			isa = PBXCopyFilesBuildPhase;
			buildActionMask = 2147483647;
			dstPath = /usr/share/man/man1/;
			dstSubfolderSpec = 0;
			files = (
			);
			runOnlyForDeploymentPostprocessing = 1;
		};
/* End PBXCopyFilesBuildPhase section */

/* Begin PBXFileReference section */
		2B5AD36E2A7544A500847832 /* Delegate.swift */ = {isa = PBXFileReference; lastKnownFileType = sourcecode.swift; path = Delegate.swift; sourceTree = "<group>"; };
		2B5AD3712A754B8800847832 /* GeneMethod.swift */ = {isa = PBXFileReference; lastKnownFileType = sourcecode.swift; path = GeneMethod.swift; sourceTree = "<group>"; };
		2B5AD3742A7550B600847832 /* Iterator.swift */ = {isa = PBXFileReference; lastKnownFileType = sourcecode.swift; path = Iterator.swift; sourceTree = "<group>"; };
		2B5AD3772A75577800847832 /* State.swift */ = {isa = PBXFileReference; lastKnownFileType = sourcecode.swift; path = State.swift; sourceTree = "<group>"; };
		2BDBFB362A6D136C0020CE37 /* DesignPattern */ = {isa = PBXFileReference; explicitFileType = "compiled.mach-o.executable"; includeInIndex = 0; path = DesignPattern; sourceTree = BUILT_PRODUCTS_DIR; };
		2BDBFB392A6D136C0020CE37 /* main.swift */ = {isa = PBXFileReference; lastKnownFileType = sourcecode.swift; path = main.swift; sourceTree = "<group>"; };
		2BDBFB412A6D13AA0020CE37 /* decorator.swift */ = {isa = PBXFileReference; lastKnownFileType = sourcecode.swift; path = decorator.swift; sourceTree = "<group>"; };
		2BDBFB462A6D1CC20020CE37 /* Strategy.swift */ = {isa = PBXFileReference; lastKnownFileType = sourcecode.swift; path = Strategy.swift; sourceTree = "<group>"; };
		2BDBFB492A6D1F830020CE37 /* obersever.swift */ = {isa = PBXFileReference; lastKnownFileType = sourcecode.swift; path = obersever.swift; sourceTree = "<group>"; };
		2BDBFB4B2A6D2F530020CE37 /* factory.swift */ = {isa = PBXFileReference; lastKnownFileType = sourcecode.swift; path = factory.swift; sourceTree = "<group>"; };
		2BDBFB4F2A6D49010020CE37 /* Singleton.swift */ = {isa = PBXFileReference; lastKnownFileType = sourcecode.swift; path = Singleton.swift; sourceTree = "<group>"; };
		2BDBFB522A6D55D30020CE37 /* Command.swift */ = {isa = PBXFileReference; lastKnownFileType = sourcecode.swift; path = Command.swift; sourceTree = "<group>"; };
		2BF629D12A6ED66F00662FA4 /* Adapter.swift */ = {isa = PBXFileReference; lastKnownFileType = sourcecode.swift; path = Adapter.swift; sourceTree = "<group>"; };
		402009CE0CBAABDD35D8CCE9 /* Pods-DesignPattern.debug.xcconfig */ = {isa = PBXFileReference; includeInIndex = 1; lastKnownFileType = text.xcconfig; name = "Pods-DesignPattern.debug.xcconfig"; path = "Target Support Files/Pods-DesignPattern/Pods-DesignPattern.debug.xcconfig"; sourceTree = "<group>"; };
		B72640F8C73A901720133319 /* Pods_DesignPattern.framework */ = {isa = PBXFileReference; explicitFileType = wrapper.framework; includeInIndex = 0; path = Pods_DesignPattern.framework; sourceTree = BUILT_PRODUCTS_DIR; };
		F324A34FF5F90F81A9591362 /* Pods-DesignPattern.release.xcconfig */ = {isa = PBXFileReference; includeInIndex = 1; lastKnownFileType = text.xcconfig; name = "Pods-DesignPattern.release.xcconfig"; path = "Target Support Files/Pods-DesignPattern/Pods-DesignPattern.release.xcconfig"; sourceTree = "<group>"; };
/* End PBXFileReference section */

/* Begin PBXFrameworksBuildPhase section */
		2BDBFB332A6D136C0020CE37 /* Frameworks */ = {
			isa = PBXFrameworksBuildPhase;
			buildActionMask = 2147483647;
			files = (
				AE9AB12BBBDAF3A9D651B679 /* Pods_DesignPattern.framework in Frameworks */,
			);
			runOnlyForDeploymentPostprocessing = 0;
		};
/* End PBXFrameworksBuildPhase section */

/* Begin PBXGroup section */
		26759F25D3A0E5A9EB5E85FA /* Pods */ = {
			isa = PBXGroup;
			children = (
				402009CE0CBAABDD35D8CCE9 /* Pods-DesignPattern.debug.xcconfig */,
				F324A34FF5F90F81A9591362 /* Pods-DesignPattern.release.xcconfig */,
			);
			path = Pods;
			sourceTree = "<group>";
		};
		2B5AD36D2A75448A00847832 /* Delegate */ = {
			isa = PBXGroup;
			children = (
				2B5AD36E2A7544A500847832 /* Delegate.swift */,
			);
			path = Delegate;
			sourceTree = "<group>";
		};
		2B5AD3702A754B6600847832 /* GeneMethod */ = {
			isa = PBXGroup;
			children = (
				2B5AD3712A754B8800847832 /* GeneMethod.swift */,
			);
			path = GeneMethod;
			sourceTree = "<group>";
		};
		2B5AD3732A75509E00847832 /* Iterator */ = {
			isa = PBXGroup;
			children = (
				2B5AD3742A7550B600847832 /* Iterator.swift */,
			);
			path = Iterator;
			sourceTree = "<group>";
		};
		2B5AD3762A75576200847832 /* State */ = {
			isa = PBXGroup;
			children = (
				2B5AD3772A75577800847832 /* State.swift */,
			);
			path = State;
			sourceTree = "<group>";
		};
		2BDBFB2D2A6D136C0020CE37 = {
			isa = PBXGroup;
			children = (
				2BDBFB382A6D136C0020CE37 /* DesignPattern */,
				2BDBFB392A6D136C0020CE37 /* main.swift */,
				2BDBFB372A6D136C0020CE37 /* Products */,
				26759F25D3A0E5A9EB5E85FA /* Pods */,
				EBA97C9370395FB4A44BFAC2 /* Frameworks */,
			);
			sourceTree = "<group>";
		};
		2BDBFB372A6D136C0020CE37 /* Products */ = {
			isa = PBXGroup;
			children = (
				2BDBFB362A6D136C0020CE37 /* DesignPattern */,
			);
			name = Products;
			sourceTree = "<group>";
		};
		2BDBFB382A6D136C0020CE37 /* DesignPattern */ = {
			isa = PBXGroup;
			children = (
				2B5AD3762A75576200847832 /* State */,
				2B5AD3732A75509E00847832 /* Iterator */,
				2B5AD36D2A75448A00847832 /* Delegate */,
				2B5AD3702A754B6600847832 /* GeneMethod */,
				2BF629D02A6ED66100662FA4 /* Adapter */,
				2BDBFB512A6D55BF0020CE37 /* Command */,
				2BDBFB4E2A6D48E00020CE37 /* Singleton */,
				2BDBFB4D2A6D2F5B0020CE37 /* factory */,
				2BDBFB402A6D13830020CE37 /* Decorator */,
				2BDBFB482A6D1F6B0020CE37 /* Observer */,
				2BDBFB452A6D1C4F0020CE37 /* Strategy */,
			);
			path = DesignPattern;
			sourceTree = "<group>";
		};
		2BDBFB402A6D13830020CE37 /* Decorator */ = {
			isa = PBXGroup;
			children = (
				2BDBFB412A6D13AA0020CE37 /* decorator.swift */,
			);
			path = Decorator;
			sourceTree = "<group>";
		};
		2BDBFB452A6D1C4F0020CE37 /* Strategy */ = {
			isa = PBXGroup;
			children = (
				2BDBFB462A6D1CC20020CE37 /* Strategy.swift */,
			);
			path = Strategy;
			sourceTree = "<group>";
		};
		2BDBFB482A6D1F6B0020CE37 /* Observer */ = {
			isa = PBXGroup;
			children = (
				2BDBFB492A6D1F830020CE37 /* obersever.swift */,
			);
			path = Observer;
			sourceTree = "<group>";
		};
		2BDBFB4D2A6D2F5B0020CE37 /* factory */ = {
			isa = PBXGroup;
			children = (
				2BDBFB4B2A6D2F530020CE37 /* factory.swift */,
			);
			path = factory;
			sourceTree = "<group>";
		};
		2BDBFB4E2A6D48E00020CE37 /* Singleton */ = {
			isa = PBXGroup;
			children = (
				2BDBFB4F2A6D49010020CE37 /* Singleton.swift */,
			);
			path = Singleton;
			sourceTree = "<group>";
		};
		2BDBFB512A6D55BF0020CE37 /* Command */ = {
			isa = PBXGroup;
			children = (
				2BDBFB522A6D55D30020CE37 /* Command.swift */,
			);
			path = Command;
			sourceTree = "<group>";
		};
		2BF629D02A6ED66100662FA4 /* Adapter */ = {
			isa = PBXGroup;
			children = (
				2BF629D12A6ED66F00662FA4 /* Adapter.swift */,
			);
			path = Adapter;
			sourceTree = "<group>";
		};
		EBA97C9370395FB4A44BFAC2 /* Frameworks */ = {
			isa = PBXGroup;
			children = (
				B72640F8C73A901720133319 /* Pods_DesignPattern.framework */,
			);
			name = Frameworks;
			sourceTree = "<group>";
		};
/* End PBXGroup section */

/* Begin PBXNativeTarget section */
		2BDBFB352A6D136C0020CE37 /* DesignPattern */ = {
			isa = PBXNativeTarget;
			buildConfigurationList = 2BDBFB3D2A6D136C0020CE37 /* Build configuration list for PBXNativeTarget "DesignPattern" */;
			buildPhases = (
				A97B603A82D368B493E484C6 /* [CP] Check Pods Manifest.lock */,
				94CE2937A6A53D5F35292FDB /* [CP-User] Hummer-before-hooks */,
				2BDBFB322A6D136C0020CE37 /* Sources */,
				2BDBFB332A6D136C0020CE37 /* Frameworks */,
				2BDBFB342A6D136C0020CE37 /* CopyFiles */,
				3A0D1B0E81A6B92B071A617E /* [CP-User] Hummer-after-hooks */,
			);
			buildRules = (
			);
			dependencies = (
			);
			name = DesignPattern;
			productName = DesignPattern;
			productReference = 2BDBFB362A6D136C0020CE37 /* DesignPattern */;
			productType = "com.apple.product-type.tool";
		};
/* End PBXNativeTarget section */

/* Begin PBXProject section */
		2BDBFB2E2A6D136C0020CE37 /* Project object */ = {
			isa = PBXProject;
			attributes = {
				BuildIndependentTargetsInParallel = 1;
				LastSwiftUpdateCheck = 1430;
				LastUpgradeCheck = 1430;
				TargetAttributes = {
					2BDBFB352A6D136C0020CE37 = {
						CreatedOnToolsVersion = 14.3.1;
					};
				};
			};
			buildConfigurationList = 2BDBFB312A6D136C0020CE37 /* Build configuration list for PBXProject "DesignPattern" */;
			compatibilityVersion = "Xcode 14.0";
			developmentRegion = en;
			hasScannedForEncodings = 0;
			knownRegions = (
				en,
				Base,
			);
			mainGroup = 2BDBFB2D2A6D136C0020CE37;
			productRefGroup = 2BDBFB372A6D136C0020CE37 /* Products */;
			projectDirPath = "";
			projectRoot = "";
			targets = (
				2BDBFB352A6D136C0020CE37 /* DesignPattern */,
			);
		};
/* End PBXProject section */

/* Begin PBXShellScriptBuildPhase section */
		3A0D1B0E81A6B92B071A617E /* [CP-User] Hummer-after-hooks */ = {
			isa = PBXShellScriptBuildPhase;
			buildActionMask = 2147483647;
			files = (
			);
			name = "[CP-User] Hummer-after-hooks";
			runOnlyForDeploymentPostprocessing = 0;
			shellPath = /bin/sh;
			shellScript = "if [ -f \"${PODS_ROOT}/hummer_after_hooks.sh\" ];then\n  bash \"${PODS_ROOT}/hummer_after_hooks.sh\"\nfi\n";
		};
		94CE2937A6A53D5F35292FDB /* [CP-User] Hummer-before-hooks */ = {
			isa = PBXShellScriptBuildPhase;
			buildActionMask = 2147483647;
			files = (
			);
			name = "[CP-User] Hummer-before-hooks";
			runOnlyForDeploymentPostprocessing = 0;
			shellPath = /bin/sh;
			shellScript = "if [ -f \"${PODS_ROOT}/hummer_before_hooks.sh\" ];then\n  bash \"${PODS_ROOT}/hummer_before_hooks.sh\"\nfi\n";
		};
		A97B603A82D368B493E484C6 /* [CP] Check Pods Manifest.lock */ = {
			isa = PBXShellScriptBuildPhase;
			buildActionMask = 2147483647;
			files = (
			);
			inputFileListPaths = (
			);
			inputPaths = (
				"${PODS_PODFILE_DIR_PATH}/Podfile.lock",
				"${PODS_ROOT}/Manifest.lock",
			);
			name = "[CP] Check Pods Manifest.lock";
			outputFileListPaths = (
			);
			outputPaths = (
				"$(DERIVED_FILE_DIR)/Pods-DesignPattern-checkManifestLockResult.txt",
			);
			runOnlyForDeploymentPostprocessing = 0;
			shellPath = /bin/sh;
			shellScript = "diff \"${PODS_PODFILE_DIR_PATH}/Podfile.lock\" \"${PODS_ROOT}/Manifest.lock\" > /dev/null\nif [ $? != 0 ] ; then\n    # print error to STDERR\n    echo \"error: The sandbox is not in sync with the Podfile.lock. Run 'pod install' or update your CocoaPods installation.\" >&2\n    exit 1\nfi\n# This output is used by Xcode 'outputs' to avoid re-running this script phase.\necho \"SUCCESS\" > \"${SCRIPT_OUTPUT_FILE_0}\"\n";
			showEnvVarsInLog = 0;
		};
/* End PBXShellScriptBuildPhase section */

/* Begin PBXSourcesBuildPhase section */
		2BDBFB322A6D136C0020CE37 /* Sources */ = {
			isa = PBXSourcesBuildPhase;
			buildActionMask = 2147483647;
			files = (
				2BDBFB4C2A6D2F530020CE37 /* factory.swift in Sources */,
				2BF629D22A6ED66F00662FA4 /* Adapter.swift in Sources */,
				2BDBFB502A6D49010020CE37 /* Singleton.swift in Sources */,
				2B5AD3722A754B8800847832 /* GeneMethod.swift in Sources */,
				2B5AD36F2A7544A500847832 /* Delegate.swift in Sources */,
				2BDBFB422A6D13AA0020CE37 /* decorator.swift in Sources */,
				2B5AD3752A7550B600847832 /* Iterator.swift in Sources */,
				2BDBFB3A2A6D136C0020CE37 /* main.swift in Sources */,
				2BDBFB532A6D55D30020CE37 /* Command.swift in Sources */,
				2BDBFB472A6D1CC20020CE37 /* Strategy.swift in Sources */,
				2BDBFB4A2A6D1F830020CE37 /* obersever.swift in Sources */,
				2B5AD3782A75577800847832 /* State.swift in Sources */,
			);
			runOnlyForDeploymentPostprocessing = 0;
		};
/* End PBXSourcesBuildPhase section */

/* Begin XCBuildConfiguration section */
		2BDBFB3B2A6D136C0020CE37 /* Debug */ = {
			isa = XCBuildConfiguration;
			buildSettings = {
				ALWAYS_SEARCH_USER_PATHS = NO;
				CLANG_ANALYZER_NONNULL = YES;
				CLANG_ANALYZER_NUMBER_OBJECT_CONVERSION = YES_AGGRESSIVE;
				CLANG_CXX_LANGUAGE_STANDARD = "gnu++20";
				CLANG_ENABLE_MODULES = YES;
				CLANG_ENABLE_OBJC_ARC = YES;
				CLANG_ENABLE_OBJC_WEAK = YES;
				CLANG_WARN_BLOCK_CAPTURE_AUTORELEASING = YES;
				CLANG_WARN_BOOL_CONVERSION = YES;
				CLANG_WARN_COMMA = YES;
				CLANG_WARN_CONSTANT_CONVERSION = YES;
				CLANG_WARN_DEPRECATED_OBJC_IMPLEMENTATIONS = YES;
				CLANG_WARN_DIRECT_OBJC_ISA_USAGE = YES_ERROR;
				CLANG_WARN_DOCUMENTATION_COMMENTS = YES;
				CLANG_WARN_EMPTY_BODY = YES;
				CLANG_WARN_ENUM_CONVERSION = YES;
				CLANG_WARN_INFINITE_RECURSION = YES;
				CLANG_WARN_INT_CONVERSION = YES;
				CLANG_WARN_NON_LITERAL_NULL_CONVERSION = YES;
				CLANG_WARN_OBJC_IMPLICIT_RETAIN_SELF = YES;
				CLANG_WARN_OBJC_LITERAL_CONVERSION = YES;
				CLANG_WARN_OBJC_ROOT_CLASS = YES_ERROR;
				CLANG_WARN_QUOTED_INCLUDE_IN_FRAMEWORK_HEADER = YES;
				CLANG_WARN_RANGE_LOOP_ANALYSIS = YES;
				CLANG_WARN_STRICT_PROTOTYPES = YES;
				CLANG_WARN_SUSPICIOUS_MOVE = YES;
				CLANG_WARN_UNGUARDED_AVAILABILITY = YES_AGGRESSIVE;
				CLANG_WARN_UNREACHABLE_CODE = YES;
				CLANG_WARN__DUPLICATE_METHOD_MATCH = YES;
				COPY_PHASE_STRIP = NO;
				DEBUG_INFORMATION_FORMAT = dwarf;
				ENABLE_STRICT_OBJC_MSGSEND = YES;
				ENABLE_TESTABILITY = YES;
				GCC_C_LANGUAGE_STANDARD = gnu11;
				GCC_DYNAMIC_NO_PIC = NO;
				GCC_NO_COMMON_BLOCKS = YES;
				GCC_OPTIMIZATION_LEVEL = 0;
				GCC_PREPROCESSOR_DEFINITIONS = (
					"DEBUG=1",
					"$(inherited)",
				);
				GCC_WARN_64_TO_32_BIT_CONVERSION = YES;
				GCC_WARN_ABOUT_RETURN_TYPE = YES_ERROR;
				GCC_WARN_UNDECLARED_SELECTOR = YES;
				GCC_WARN_UNINITIALIZED_AUTOS = YES_AGGRESSIVE;
				GCC_WARN_UNUSED_FUNCTION = YES;
				GCC_WARN_UNUSED_VARIABLE = YES;
				MACOSX_DEPLOYMENT_TARGET = 13.3;
				MTL_ENABLE_DEBUG_INFO = INCLUDE_SOURCE;
				MTL_FAST_MATH = YES;
				ONLY_ACTIVE_ARCH = YES;
				SDKROOT = macosx;
				SWIFT_ACTIVE_COMPILATION_CONDITIONS = DEBUG;
				SWIFT_OPTIMIZATION_LEVEL = "-Onone";
			};
			name = Debug;
		};
		2BDBFB3C2A6D136C0020CE37 /* Release */ = {
			isa = XCBuildConfiguration;
			buildSettings = {
				ALWAYS_SEARCH_USER_PATHS = NO;
				CLANG_ANALYZER_NONNULL = YES;
				CLANG_ANALYZER_NUMBER_OBJECT_CONVERSION = YES_AGGRESSIVE;
				CLANG_CXX_LANGUAGE_STANDARD = "gnu++20";
				CLANG_ENABLE_MODULES = YES;
				CLANG_ENABLE_OBJC_ARC = YES;
				CLANG_ENABLE_OBJC_WEAK = YES;
				CLANG_WARN_BLOCK_CAPTURE_AUTORELEASING = YES;
				CLANG_WARN_BOOL_CONVERSION = YES;
				CLANG_WARN_COMMA = YES;
				CLANG_WARN_CONSTANT_CONVERSION = YES;
				CLANG_WARN_DEPRECATED_OBJC_IMPLEMENTATIONS = YES;
				CLANG_WARN_DIRECT_OBJC_ISA_USAGE = YES_ERROR;
				CLANG_WARN_DOCUMENTATION_COMMENTS = YES;
				CLANG_WARN_EMPTY_BODY = YES;
				CLANG_WARN_ENUM_CONVERSION = YES;
				CLANG_WARN_INFINITE_RECURSION = YES;
				CLANG_WARN_INT_CONVERSION = YES;
				CLANG_WARN_NON_LITERAL_NULL_CONVERSION = YES;
				CLANG_WARN_OBJC_IMPLICIT_RETAIN_SELF = YES;
				CLANG_WARN_OBJC_LITERAL_CONVERSION = YES;
				CLANG_WARN_OBJC_ROOT_CLASS = YES_ERROR;
				CLANG_WARN_QUOTED_INCLUDE_IN_FRAMEWORK_HEADER = YES;
				CLANG_WARN_RANGE_LOOP_ANALYSIS = YES;
				CLANG_WARN_STRICT_PROTOTYPES = YES;
				CLANG_WARN_SUSPICIOUS_MOVE = YES;
				CLANG_WARN_UNGUARDED_AVAILABILITY = YES_AGGRESSIVE;
				CLANG_WARN_UNREACHABLE_CODE = YES;
				CLANG_WARN__DUPLICATE_METHOD_MATCH = YES;
				COPY_PHASE_STRIP = NO;
				DEBUG_INFORMATION_FORMAT = "dwarf-with-dsym";
				ENABLE_NS_ASSERTIONS = NO;
				ENABLE_STRICT_OBJC_MSGSEND = YES;
				GCC_C_LANGUAGE_STANDARD = gnu11;
				GCC_NO_COMMON_BLOCKS = YES;
				GCC_WARN_64_TO_32_BIT_CONVERSION = YES;
				GCC_WARN_ABOUT_RETURN_TYPE = YES_ERROR;
				GCC_WARN_UNDECLARED_SELECTOR = YES;
				GCC_WARN_UNINITIALIZED_AUTOS = YES_AGGRESSIVE;
				GCC_WARN_UNUSED_FUNCTION = YES;
				GCC_WARN_UNUSED_VARIABLE = YES;
				MACOSX_DEPLOYMENT_TARGET = 13.3;
				MTL_ENABLE_DEBUG_INFO = NO;
				MTL_FAST_MATH = YES;
				SDKROOT = macosx;
				SWIFT_COMPILATION_MODE = wholemodule;
				SWIFT_OPTIMIZATION_LEVEL = "-O";
			};
			name = Release;
		};
		2BDBFB3E2A6D136C0020CE37 /* Debug */ = {
			isa = XCBuildConfiguration;
			baseConfigurationReference = 402009CE0CBAABDD35D8CCE9 /* Pods-DesignPattern.debug.xcconfig */;
			buildSettings = {
				CODE_SIGN_STYLE = Automatic;
				DEVELOPMENT_TEAM = H49DBB47YQ;
				ENABLE_HARDENED_RUNTIME = YES;
				PRODUCT_NAME = "$(TARGET_NAME)";
				SWIFT_VERSION = 5.0;
			};
			name = Debug;
		};
		2BDBFB3F2A6D136C0020CE37 /* Release */ = {
			isa = XCBuildConfiguration;
			baseConfigurationReference = F324A34FF5F90F81A9591362 /* Pods-DesignPattern.release.xcconfig */;
			buildSettings = {
				CODE_SIGN_STYLE = Automatic;
				DEVELOPMENT_TEAM = H49DBB47YQ;
				ENABLE_HARDENED_RUNTIME = YES;
				PRODUCT_NAME = "$(TARGET_NAME)";
				SWIFT_VERSION = 5.0;
			};
			name = Release;
		};
/* End XCBuildConfiguration section */

/* Begin XCConfigurationList section */
		2BDBFB312A6D136C0020CE37 /* Build configuration list for PBXProject "DesignPattern" */ = {
			isa = XCConfigurationList;
			buildConfigurations = (
				2BDBFB3B2A6D136C0020CE37 /* Debug */,
				2BDBFB3C2A6D136C0020CE37 /* Release */,
			);
			defaultConfigurationIsVisible = 0;
			defaultConfigurationName = Release;
		};
		2BDBFB3D2A6D136C0020CE37 /* Build configuration list for PBXNativeTarget "DesignPattern" */ = {
			isa = XCConfigurationList;
			buildConfigurations = (
				2BDBFB3E2A6D136C0020CE37 /* Debug */,
				2BDBFB3F2A6D136C0020CE37 /* Release */,
			);
			defaultConfigurationIsVisible = 0;
			defaultConfigurationName = Release;
		};
/* End XCConfigurationList section */
	};
	rootObject = 2BDBFB2E2A6D136C0020CE37 /* Project object */;
}
