// !$*UTF8*$!
{
	archiveVersion = 1;
	classes = {
	};
	objectVersion = 56;
	objects = {

/* Begin PBXBuildFile section */
		2B5AD3682A73B05700847832 /* mainController.swift in Sources */ = {isa = PBXBuildFile; fileRef = 2B5AD3672A73B05700847832 /* mainController.swift */; };
		2B5AD36A2A73B89C00847832 /* presentAnimation.swift in Sources */ = {isa = PBXBuildFile; fileRef = 2B5AD3692A73B89C00847832 /* presentAnimation.swift */; };
		2B5AD36C2A7500AE00847832 /* ContainerView.swift in Sources */ = {isa = PBXBuildFile; fileRef = 2B5AD36B2A7500AD00847832 /* ContainerView.swift */; };
		2BBA77C62A55A49400EFD7C8 /* AppDelegate.swift in Sources */ = {isa = PBXBuildFile; fileRef = 2BBA77C52A55A49400EFD7C8 /* AppDelegate.swift */; };
		2BBA77C82A55A49400EFD7C8 /* SceneDelegate.swift in Sources */ = {isa = PBXBuildFile; fileRef = 2BBA77C72A55A49400EFD7C8 /* SceneDelegate.swift */; };
		2BBA77CA2A55A49400EFD7C8 /* ViewController.swift in Sources */ = {isa = PBXBuildFile; fileRef = 2BBA77C92A55A49400EFD7C8 /* ViewController.swift */; };
		2BBA77CD2A55A49400EFD7C8 /* Main.storyboard in Resources */ = {isa = PBXBuildFile; fileRef = 2BBA77CB2A55A49400EFD7C8 /* Main.storyboard */; };
		2BBA77CF2A55A49600EFD7C8 /* Assets.xcassets in Resources */ = {isa = PBXBuildFile; fileRef = 2BBA77CE2A55A49600EFD7C8 /* Assets.xcassets */; };
		2BBA77D22A55A49600EFD7C8 /* LaunchScreen.storyboard in Resources */ = {isa = PBXBuildFile; fileRef = 2BBA77D02A55A49600EFD7C8 /* LaunchScreen.storyboard */; };
		2BF081827726EE0CDC4022A9 /* Pods_TestForWork.framework in Frameworks */ = {isa = PBXBuildFile; fileRef = 7096ABD0A00D79956B95C145 /* Pods_TestForWork.framework */; };
/* End PBXBuildFile section */

/* Begin PBXFileReference section */
		09D2C3CE03C7169E0EDBF109 /* Pods-TestForWork.debug.xcconfig */ = {isa = PBXFileReference; includeInIndex = 1; lastKnownFileType = text.xcconfig; name = "Pods-TestForWork.debug.xcconfig"; path = "Target Support Files/Pods-TestForWork/Pods-TestForWork.debug.xcconfig"; sourceTree = "<group>"; };
		2B5AD3672A73B05700847832 /* mainController.swift */ = {isa = PBXFileReference; lastKnownFileType = sourcecode.swift; path = mainController.swift; sourceTree = "<group>"; };
		2B5AD3692A73B89C00847832 /* presentAnimation.swift */ = {isa = PBXFileReference; lastKnownFileType = sourcecode.swift; path = presentAnimation.swift; sourceTree = "<group>"; };
		2B5AD36B2A7500AD00847832 /* ContainerView.swift */ = {isa = PBXFileReference; lastKnownFileType = sourcecode.swift; path = ContainerView.swift; sourceTree = "<group>"; };
		2BBA77C22A55A49300EFD7C8 /* TestForWork.app */ = {isa = PBXFileReference; explicitFileType = wrapper.application; includeInIndex = 0; path = TestForWork.app; sourceTree = BUILT_PRODUCTS_DIR; };
		2BBA77C52A55A49400EFD7C8 /* AppDelegate.swift */ = {isa = PBXFileReference; lastKnownFileType = sourcecode.swift; path = AppDelegate.swift; sourceTree = "<group>"; };
		2BBA77C72A55A49400EFD7C8 /* SceneDelegate.swift */ = {isa = PBXFileReference; lastKnownFileType = sourcecode.swift; path = SceneDelegate.swift; sourceTree = "<group>"; };
		2BBA77C92A55A49400EFD7C8 /* ViewController.swift */ = {isa = PBXFileReference; lastKnownFileType = sourcecode.swift; path = ViewController.swift; sourceTree = "<group>"; };
		2BBA77CC2A55A49400EFD7C8 /* Base */ = {isa = PBXFileReference; lastKnownFileType = file.storyboard; name = Base; path = Base.lproj/Main.storyboard; sourceTree = "<group>"; };
		2BBA77CE2A55A49600EFD7C8 /* Assets.xcassets */ = {isa = PBXFileReference; lastKnownFileType = folder.assetcatalog; path = Assets.xcassets; sourceTree = "<group>"; };
		2BBA77D12A55A49600EFD7C8 /* Base */ = {isa = PBXFileReference; lastKnownFileType = file.storyboard; name = Base; path = Base.lproj/LaunchScreen.storyboard; sourceTree = "<group>"; };
		2BBA77D32A55A49600EFD7C8 /* Info.plist */ = {isa = PBXFileReference; lastKnownFileType = text.plist.xml; path = Info.plist; sourceTree = "<group>"; };
		7096ABD0A00D79956B95C145 /* Pods_TestForWork.framework */ = {isa = PBXFileReference; explicitFileType = wrapper.framework; includeInIndex = 0; path = Pods_TestForWork.framework; sourceTree = BUILT_PRODUCTS_DIR; };
		C369C7A822FBB431402F4FBA /* Pods-TestForWork.release.xcconfig */ = {isa = PBXFileReference; includeInIndex = 1; lastKnownFileType = text.xcconfig; name = "Pods-TestForWork.release.xcconfig"; path = "Target Support Files/Pods-TestForWork/Pods-TestForWork.release.xcconfig"; sourceTree = "<group>"; };
/* End PBXFileReference section */

/* Begin PBXFrameworksBuildPhase section */
		2BBA77BF2A55A49300EFD7C8 /* Frameworks */ = {
			isa = PBXFrameworksBuildPhase;
			buildActionMask = 2147483647;
			files = (
				2BF081827726EE0CDC4022A9 /* Pods_TestForWork.framework in Frameworks */,
			);
			runOnlyForDeploymentPostprocessing = 0;
		};
/* End PBXFrameworksBuildPhase section */

/* Begin PBXGroup section */
		2BBA77B92A55A49300EFD7C8 = {
			isa = PBXGroup;
			children = (
				2BBA77C42A55A49400EFD7C8 /* TestForWork */,
				2BBA77C32A55A49300EFD7C8 /* Products */,
				6724018BD22371B7AF610FB9 /* Pods */,
				446922994E5C22CB44B4F177 /* Frameworks */,
			);
			sourceTree = "<group>";
		};
		2BBA77C32A55A49300EFD7C8 /* Products */ = {
			isa = PBXGroup;
			children = (
				2BBA77C22A55A49300EFD7C8 /* TestForWork.app */,
			);
			name = Products;
			sourceTree = "<group>";
		};
		2BBA77C42A55A49400EFD7C8 /* TestForWork */ = {
			isa = PBXGroup;
			children = (
				2BBA77C52A55A49400EFD7C8 /* AppDelegate.swift */,
				2BBA77C72A55A49400EFD7C8 /* SceneDelegate.swift */,
				2BBA77C92A55A49400EFD7C8 /* ViewController.swift */,
				2B5AD3672A73B05700847832 /* mainController.swift */,
				2B5AD3692A73B89C00847832 /* presentAnimation.swift */,
				2B5AD36B2A7500AD00847832 /* ContainerView.swift */,
				2BBA77CB2A55A49400EFD7C8 /* Main.storyboard */,
				2BBA77CE2A55A49600EFD7C8 /* Assets.xcassets */,
				2BBA77D02A55A49600EFD7C8 /* LaunchScreen.storyboard */,
				2BBA77D32A55A49600EFD7C8 /* Info.plist */,
			);
			path = TestForWork;
			sourceTree = "<group>";
		};
		446922994E5C22CB44B4F177 /* Frameworks */ = {
			isa = PBXGroup;
			children = (
				7096ABD0A00D79956B95C145 /* Pods_TestForWork.framework */,
			);
			name = Frameworks;
			sourceTree = "<group>";
		};
		6724018BD22371B7AF610FB9 /* Pods */ = {
			isa = PBXGroup;
			children = (
				09D2C3CE03C7169E0EDBF109 /* Pods-TestForWork.debug.xcconfig */,
				C369C7A822FBB431402F4FBA /* Pods-TestForWork.release.xcconfig */,
			);
			path = Pods;
			sourceTree = "<group>";
		};
/* End PBXGroup section */

/* Begin PBXNativeTarget section */
		2BBA77C12A55A49300EFD7C8 /* TestForWork */ = {
			isa = PBXNativeTarget;
			buildConfigurationList = 2BBA77D62A55A49600EFD7C8 /* Build configuration list for PBXNativeTarget "TestForWork" */;
			buildPhases = (
				0D4DFD1A7FDDEF82309BB0E6 /* [CP] Check Pods Manifest.lock */,
				FDF2274558EDDAF91693327E /* [CP-User] Hummer-before-hooks */,
				2BBA77BE2A55A49300EFD7C8 /* Sources */,
				2BBA77BF2A55A49300EFD7C8 /* Frameworks */,
				2BBA77C02A55A49300EFD7C8 /* Resources */,
				5E41E78B0E23D3272601E9DF /* [CP-User] Hummer-after-hooks */,
				25550A2396AD7DD6C9B313B2 /* [CP] Embed Pods Frameworks */,
			);
			buildRules = (
			);
			dependencies = (
			);
			name = TestForWork;
			productName = TestForWork;
			productReference = 2BBA77C22A55A49300EFD7C8 /* TestForWork.app */;
			productType = "com.apple.product-type.application";
		};
/* End PBXNativeTarget section */

/* Begin PBXProject section */
		2BBA77BA2A55A49300EFD7C8 /* Project object */ = {
			isa = PBXProject;
			attributes = {
				BuildIndependentTargetsInParallel = 1;
				LastSwiftUpdateCheck = 1430;
				LastUpgradeCheck = 1430;
				TargetAttributes = {
					2BBA77C12A55A49300EFD7C8 = {
						CreatedOnToolsVersion = 14.3.1;
					};
				};
			};
			buildConfigurationList = 2BBA77BD2A55A49300EFD7C8 /* Build configuration list for PBXProject "TestForWork" */;
			compatibilityVersion = "Xcode 14.0";
			developmentRegion = en;
			hasScannedForEncodings = 0;
			knownRegions = (
				en,
				Base,
			);
			mainGroup = 2BBA77B92A55A49300EFD7C8;
			productRefGroup = 2BBA77C32A55A49300EFD7C8 /* Products */;
			projectDirPath = "";
			projectRoot = "";
			targets = (
				2BBA77C12A55A49300EFD7C8 /* TestForWork */,
			);
		};
/* End PBXProject section */

/* Begin PBXResourcesBuildPhase section */
		2BBA77C02A55A49300EFD7C8 /* Resources */ = {
			isa = PBXResourcesBuildPhase;
			buildActionMask = 2147483647;
			files = (
				2BBA77D22A55A49600EFD7C8 /* LaunchScreen.storyboard in Resources */,
				2BBA77CF2A55A49600EFD7C8 /* Assets.xcassets in Resources */,
				2BBA77CD2A55A49400EFD7C8 /* Main.storyboard in Resources */,
			);
			runOnlyForDeploymentPostprocessing = 0;
		};
/* End PBXResourcesBuildPhase section */

/* Begin PBXShellScriptBuildPhase section */
		0D4DFD1A7FDDEF82309BB0E6 /* [CP] Check Pods Manifest.lock */ = {
			isa = PBXShellScriptBuildPhase;
			buildActionMask = 2147483647;
			files = (
			);
			inputFileListPaths = (
			);
			inputPaths = (
				"${PODS_PODFILE_DIR_PATH}/Podfile.lock",
				"${PODS_ROOT}/Manifest.lock",
			);
			name = "[CP] Check Pods Manifest.lock";
			outputFileListPaths = (
			);
			outputPaths = (
				"$(DERIVED_FILE_DIR)/Pods-TestForWork-checkManifestLockResult.txt",
			);
			runOnlyForDeploymentPostprocessing = 0;
			shellPath = /bin/sh;
			shellScript = "diff \"${PODS_PODFILE_DIR_PATH}/Podfile.lock\" \"${PODS_ROOT}/Manifest.lock\" > /dev/null\nif [ $? != 0 ] ; then\n    # print error to STDERR\n    echo \"error: The sandbox is not in sync with the Podfile.lock. Run 'pod install' or update your CocoaPods installation.\" >&2\n    exit 1\nfi\n# This output is used by Xcode 'outputs' to avoid re-running this script phase.\necho \"SUCCESS\" > \"${SCRIPT_OUTPUT_FILE_0}\"\n";
			showEnvVarsInLog = 0;
		};
		25550A2396AD7DD6C9B313B2 /* [CP] Embed Pods Frameworks */ = {
			isa = PBXShellScriptBuildPhase;
			buildActionMask = 2147483647;
			files = (
			);
			inputFileListPaths = (
				"${PODS_ROOT}/Target Support Files/Pods-TestForWork/Pods-TestForWork-frameworks-${CONFIGURATION}-input-files.xcfilelist",
			);
			name = "[CP] Embed Pods Frameworks";
			outputFileListPaths = (
				"${PODS_ROOT}/Target Support Files/Pods-TestForWork/Pods-TestForWork-frameworks-${CONFIGURATION}-output-files.xcfilelist",
			);
			runOnlyForDeploymentPostprocessing = 0;
			shellPath = /bin/sh;
			shellScript = "\"${PODS_ROOT}/Target Support Files/Pods-TestForWork/Pods-TestForWork-frameworks.sh\"\n";
			showEnvVarsInLog = 0;
		};
		5E41E78B0E23D3272601E9DF /* [CP-User] Hummer-after-hooks */ = {
			isa = PBXShellScriptBuildPhase;
			buildActionMask = 2147483647;
			files = (
			);
			name = "[CP-User] Hummer-after-hooks";
			runOnlyForDeploymentPostprocessing = 0;
			shellPath = /bin/sh;
			shellScript = "if [ -f \"${PODS_ROOT}/hummer_after_hooks.sh\" ];then\n  bash \"${PODS_ROOT}/hummer_after_hooks.sh\"\nfi\n";
		};
		FDF2274558EDDAF91693327E /* [CP-User] Hummer-before-hooks */ = {
			isa = PBXShellScriptBuildPhase;
			buildActionMask = 2147483647;
			files = (
			);
			name = "[CP-User] Hummer-before-hooks";
			runOnlyForDeploymentPostprocessing = 0;
			shellPath = /bin/sh;
			shellScript = "if [ -f \"${PODS_ROOT}/hummer_before_hooks.sh\" ];then\n  bash \"${PODS_ROOT}/hummer_before_hooks.sh\"\nfi\n";
		};
/* End PBXShellScriptBuildPhase section */

/* Begin PBXSourcesBuildPhase section */
		2BBA77BE2A55A49300EFD7C8 /* Sources */ = {
			isa = PBXSourcesBuildPhase;
			buildActionMask = 2147483647;
			files = (
				2B5AD36A2A73B89C00847832 /* presentAnimation.swift in Sources */,
				2B5AD3682A73B05700847832 /* mainController.swift in Sources */,
				2B5AD36C2A7500AE00847832 /* ContainerView.swift in Sources */,
				2BBA77CA2A55A49400EFD7C8 /* ViewController.swift in Sources */,
				2BBA77C62A55A49400EFD7C8 /* AppDelegate.swift in Sources */,
				2BBA77C82A55A49400EFD7C8 /* SceneDelegate.swift in Sources */,
			);
			runOnlyForDeploymentPostprocessing = 0;
		};
/* End PBXSourcesBuildPhase section */

/* Begin PBXVariantGroup section */
		2BBA77CB2A55A49400EFD7C8 /* Main.storyboard */ = {
			isa = PBXVariantGroup;
			children = (
				2BBA77CC2A55A49400EFD7C8 /* Base */,
			);
			name = Main.storyboard;
			sourceTree = "<group>";
		};
		2BBA77D02A55A49600EFD7C8 /* LaunchScreen.storyboard */ = {
			isa = PBXVariantGroup;
			children = (
				2BBA77D12A55A49600EFD7C8 /* Base */,
			);
			name = LaunchScreen.storyboard;
			sourceTree = "<group>";
		};
/* End PBXVariantGroup section */

/* Begin XCBuildConfiguration section */
		2BBA77D42A55A49600EFD7C8 /* Debug */ = {
			isa = XCBuildConfiguration;
			buildSettings = {
				ALWAYS_SEARCH_USER_PATHS = NO;
				CLANG_ANALYZER_NONNULL = YES;
				CLANG_ANALYZER_NUMBER_OBJECT_CONVERSION = YES_AGGRESSIVE;
				CLANG_CXX_LANGUAGE_STANDARD = "gnu++20";
				CLANG_ENABLE_MODULES = YES;
				CLANG_ENABLE_OBJC_ARC = YES;
				CLANG_ENABLE_OBJC_WEAK = YES;
				CLANG_WARN_BLOCK_CAPTURE_AUTORELEASING = YES;
				CLANG_WARN_BOOL_CONVERSION = YES;
				CLANG_WARN_COMMA = YES;
				CLANG_WARN_CONSTANT_CONVERSION = YES;
				CLANG_WARN_DEPRECATED_OBJC_IMPLEMENTATIONS = YES;
				CLANG_WARN_DIRECT_OBJC_ISA_USAGE = YES_ERROR;
				CLANG_WARN_DOCUMENTATION_COMMENTS = YES;
				CLANG_WARN_EMPTY_BODY = YES;
				CLANG_WARN_ENUM_CONVERSION = YES;
				CLANG_WARN_INFINITE_RECURSION = YES;
				CLANG_WARN_INT_CONVERSION = YES;
				CLANG_WARN_NON_LITERAL_NULL_CONVERSION = YES;
				CLANG_WARN_OBJC_IMPLICIT_RETAIN_SELF = YES;
				CLANG_WARN_OBJC_LITERAL_CONVERSION = YES;
				CLANG_WARN_OBJC_ROOT_CLASS = YES_ERROR;
				CLANG_WARN_QUOTED_INCLUDE_IN_FRAMEWORK_HEADER = YES;
				CLANG_WARN_RANGE_LOOP_ANALYSIS = YES;
				CLANG_WARN_STRICT_PROTOTYPES = YES;
				CLANG_WARN_SUSPICIOUS_MOVE = YES;
				CLANG_WARN_UNGUARDED_AVAILABILITY = YES_AGGRESSIVE;
				CLANG_WARN_UNREACHABLE_CODE = YES;
				CLANG_WARN__DUPLICATE_METHOD_MATCH = YES;
				COPY_PHASE_STRIP = NO;
				DEBUG_INFORMATION_FORMAT = dwarf;
				ENABLE_STRICT_OBJC_MSGSEND = YES;
				ENABLE_TESTABILITY = YES;
				GCC_C_LANGUAGE_STANDARD = gnu11;
				GCC_DYNAMIC_NO_PIC = NO;
				GCC_NO_COMMON_BLOCKS = YES;
				GCC_OPTIMIZATION_LEVEL = 0;
				GCC_PREPROCESSOR_DEFINITIONS = (
					"DEBUG=1",
					"$(inherited)",
				);
				GCC_WARN_64_TO_32_BIT_CONVERSION = YES;
				GCC_WARN_ABOUT_RETURN_TYPE = YES_ERROR;
				GCC_WARN_UNDECLARED_SELECTOR = YES;
				GCC_WARN_UNINITIALIZED_AUTOS = YES_AGGRESSIVE;
				GCC_WARN_UNUSED_FUNCTION = YES;
				GCC_WARN_UNUSED_VARIABLE = YES;
				IPHONEOS_DEPLOYMENT_TARGET = 16.4;
				MTL_ENABLE_DEBUG_INFO = INCLUDE_SOURCE;
				MTL_FAST_MATH = YES;
				ONLY_ACTIVE_ARCH = YES;
				SDKROOT = iphoneos;
				SWIFT_ACTIVE_COMPILATION_CONDITIONS = DEBUG;
				SWIFT_OPTIMIZATION_LEVEL = "-Onone";
			};
			name = Debug;
		};
		2BBA77D52A55A49600EFD7C8 /* Release */ = {
			isa = XCBuildConfiguration;
			buildSettings = {
				ALWAYS_SEARCH_USER_PATHS = NO;
				CLANG_ANALYZER_NONNULL = YES;
				CLANG_ANALYZER_NUMBER_OBJECT_CONVERSION = YES_AGGRESSIVE;
				CLANG_CXX_LANGUAGE_STANDARD = "gnu++20";
				CLANG_ENABLE_MODULES = YES;
				CLANG_ENABLE_OBJC_ARC = YES;
				CLANG_ENABLE_OBJC_WEAK = YES;
				CLANG_WARN_BLOCK_CAPTURE_AUTORELEASING = YES;
				CLANG_WARN_BOOL_CONVERSION = YES;
				CLANG_WARN_COMMA = YES;
				CLANG_WARN_CONSTANT_CONVERSION = YES;
				CLANG_WARN_DEPRECATED_OBJC_IMPLEMENTATIONS = YES;
				CLANG_WARN_DIRECT_OBJC_ISA_USAGE = YES_ERROR;
				CLANG_WARN_DOCUMENTATION_COMMENTS = YES;
				CLANG_WARN_EMPTY_BODY = YES;
				CLANG_WARN_ENUM_CONVERSION = YES;
				CLANG_WARN_INFINITE_RECURSION = YES;
				CLANG_WARN_INT_CONVERSION = YES;
				CLANG_WARN_NON_LITERAL_NULL_CONVERSION = YES;
				CLANG_WARN_OBJC_IMPLICIT_RETAIN_SELF = YES;
				CLANG_WARN_OBJC_LITERAL_CONVERSION = YES;
				CLANG_WARN_OBJC_ROOT_CLASS = YES_ERROR;
				CLANG_WARN_QUOTED_INCLUDE_IN_FRAMEWORK_HEADER = YES;
				CLANG_WARN_RANGE_LOOP_ANALYSIS = YES;
				CLANG_WARN_STRICT_PROTOTYPES = YES;
				CLANG_WARN_SUSPICIOUS_MOVE = YES;
				CLANG_WARN_UNGUARDED_AVAILABILITY = YES_AGGRESSIVE;
				CLANG_WARN_UNREACHABLE_CODE = YES;
				CLANG_WARN__DUPLICATE_METHOD_MATCH = YES;
				COPY_PHASE_STRIP = NO;
				DEBUG_INFORMATION_FORMAT = "dwarf-with-dsym";
				ENABLE_NS_ASSERTIONS = NO;
				ENABLE_STRICT_OBJC_MSGSEND = YES;
				GCC_C_LANGUAGE_STANDARD = gnu11;
				GCC_NO_COMMON_BLOCKS = YES;
				GCC_WARN_64_TO_32_BIT_CONVERSION = YES;
				GCC_WARN_ABOUT_RETURN_TYPE = YES_ERROR;
				GCC_WARN_UNDECLARED_SELECTOR = YES;
				GCC_WARN_UNINITIALIZED_AUTOS = YES_AGGRESSIVE;
				GCC_WARN_UNUSED_FUNCTION = YES;
				GCC_WARN_UNUSED_VARIABLE = YES;
				IPHONEOS_DEPLOYMENT_TARGET = 16.4;
				MTL_ENABLE_DEBUG_INFO = NO;
				MTL_FAST_MATH = YES;
				SDKROOT = iphoneos;
				SWIFT_COMPILATION_MODE = wholemodule;
				SWIFT_OPTIMIZATION_LEVEL = "-O";
				VALIDATE_PRODUCT = YES;
			};
			name = Release;
		};
		2BBA77D72A55A49600EFD7C8 /* Debug */ = {
			isa = XCBuildConfiguration;
			baseConfigurationReference = 09D2C3CE03C7169E0EDBF109 /* Pods-TestForWork.debug.xcconfig */;
			buildSettings = {
				ASSETCATALOG_COMPILER_APPICON_NAME = AppIcon;
				"ASSETCATALOG_COMPILER_APPICON_NAME[sdk=iphoneos*]" = AppIcon;
				ASSETCATALOG_COMPILER_GLOBAL_ACCENT_COLOR_NAME = AccentColor;
				ASSETCATALOG_COMPILER_INCLUDE_ALL_APPICON_ASSETS = NO;
				CODE_SIGN_STYLE = Automatic;
				CURRENT_PROJECT_VERSION = 1;
				DEVELOPMENT_TEAM = H49DBB47YQ;
				GENERATE_INFOPLIST_FILE = YES;
				INFOPLIST_FILE = TestForWork/Info.plist;
				INFOPLIST_KEY_UIApplicationSupportsIndirectInputEvents = YES;
				INFOPLIST_KEY_UILaunchStoryboardName = LaunchScreen;
				INFOPLIST_KEY_UIMainStoryboardFile = Main;
				INFOPLIST_KEY_UISupportedInterfaceOrientations = "UIInterfaceOrientationLandscapeLeft UIInterfaceOrientationLandscapeRight UIInterfaceOrientationPortrait";
				INFOPLIST_KEY_UISupportedInterfaceOrientations_iPad = "UIInterfaceOrientationLandscapeLeft UIInterfaceOrientationLandscapeRight UIInterfaceOrientationPortraitUpsideDown";
				IPHONEOS_DEPLOYMENT_TARGET = 13.0;
				LD_RUNPATH_SEARCH_PATHS = (
					"$(inherited)",
					"@executable_path/Frameworks",
				);
				MARKETING_VERSION = 1.0;
				PRODUCT_BUNDLE_IDENTIFIER = TestForWork.TestForWork;
				PRODUCT_NAME = "$(TARGET_NAME)";
				SWIFT_EMIT_LOC_STRINGS = YES;
				SWIFT_VERSION = 5.0;
				TARGETED_DEVICE_FAMILY = "1,2";
			};
			name = Debug;
		};
		2BBA77D82A55A49600EFD7C8 /* Release */ = {
			isa = XCBuildConfiguration;
			baseConfigurationReference = C369C7A822FBB431402F4FBA /* Pods-TestForWork.release.xcconfig */;
			buildSettings = {
				ASSETCATALOG_COMPILER_APPICON_NAME = AppIcon;
				ASSETCATALOG_COMPILER_GLOBAL_ACCENT_COLOR_NAME = AccentColor;
				ASSETCATALOG_COMPILER_INCLUDE_ALL_APPICON_ASSETS = NO;
				CODE_SIGN_STYLE = Automatic;
				CURRENT_PROJECT_VERSION = 1;
				DEVELOPMENT_TEAM = H49DBB47YQ;
				GENERATE_INFOPLIST_FILE = YES;
				INFOPLIST_FILE = TestForWork/Info.plist;
				INFOPLIST_KEY_UIApplicationSupportsIndirectInputEvents = YES;
				INFOPLIST_KEY_UILaunchStoryboardName = LaunchScreen;
				INFOPLIST_KEY_UIMainStoryboardFile = Main;
				INFOPLIST_KEY_UISupportedInterfaceOrientations = "UIInterfaceOrientationLandscapeLeft UIInterfaceOrientationLandscapeRight UIInterfaceOrientationPortrait";
				INFOPLIST_KEY_UISupportedInterfaceOrientations_iPad = "UIInterfaceOrientationLandscapeLeft UIInterfaceOrientationLandscapeRight UIInterfaceOrientationPortraitUpsideDown";
				IPHONEOS_DEPLOYMENT_TARGET = 13.0;
				LD_RUNPATH_SEARCH_PATHS = (
					"$(inherited)",
					"@executable_path/Frameworks",
				);
				MARKETING_VERSION = 1.0;
				PRODUCT_BUNDLE_IDENTIFIER = TestForWork.TestForWork;
				PRODUCT_NAME = "$(TARGET_NAME)";
				SWIFT_EMIT_LOC_STRINGS = YES;
				SWIFT_VERSION = 5.0;
				TARGETED_DEVICE_FAMILY = "1,2";
			};
			name = Release;
		};
/* End XCBuildConfiguration section */

/* Begin XCConfigurationList section */
		2BBA77BD2A55A49300EFD7C8 /* Build configuration list for PBXProject "TestForWork" */ = {
			isa = XCConfigurationList;
			buildConfigurations = (
				2BBA77D42A55A49600EFD7C8 /* Debug */,
				2BBA77D52A55A49600EFD7C8 /* Release */,
			);
			defaultConfigurationIsVisible = 0;
			defaultConfigurationName = Release;
		};
		2BBA77D62A55A49600EFD7C8 /* Build configuration list for PBXNativeTarget "TestForWork" */ = {
			isa = XCConfigurationList;
			buildConfigurations = (
				2BBA77D72A55A49600EFD7C8 /* Debug */,
				2BBA77D82A55A49600EFD7C8 /* Release */,
			);
			defaultConfigurationIsVisible = 0;
			defaultConfigurationName = Release;
		};
/* End XCConfigurationList section */
	};
	rootObject = 2BBA77BA2A55A49300EFD7C8 /* Project object */;
}
